
Microsoft Visual Studio Solution File, Format Version 12.00
# Visual Studio Version 17
VisualStudioVersion = 17.5.33516.290
MinimumVisualStudioVersion = 10.0.40219.1
Project("{FAE04EC0-301F-11D3-BF4B-00C04F79EFBC}") = "Login and 2048 game", "Login and 2048 game.csproj", "{63284E39-694F-4596-A7A5-633ADE9D1393}"
EndProject
Global
	GlobalSection(SolutionConfigurationPlatforms) = preSolution
		Debug|Any CPU = Debug|Any CPU
		Release|Any CPU = Release|Any CPU
	EndGlobalSection
	GlobalSection(ProjectConfigurationPlatforms) = postSolution
		{63284E39-694F-4596-A7A5-633ADE9D1393}.Debug|Any CPU.ActiveCfg = Debug|Any CPU
		{63284E39-694F-4596-A7A5-633ADE9D1393}.Debug|Any CPU.Build.0 = Debug|Any CPU
		{63284E39-694F-4596-A7A5-633ADE9D1393}.Release|Any CPU.ActiveCfg = Release|Any CPU
		{63284E39-694F-4596-A7A5-633ADE9D1393}.Release|Any CPU.Build.0 = Release|Any CPU
	EndGlobalSection
	GlobalSection(SolutionProperties) = preSolution
		HideSolutionNode = FALSE
	EndGlobalSection
	GlobalSection(ExtensibilityGlobals) = postSolution
		SolutionGuid = {235D576E-1708-4020-9019-F1196FA4B258}
	EndGlobalSection
EndGlobal
